
Microsoft Visual Studio Solution File, Format Version 12.00
# Visual Studio Version 16
VisualStudioVersion = 16.0.28803.352
MinimumVisualStudioVersion = 10.0.40219.1
Project("{9A19103F-16F7-4668-BE54-9A1E7A4F7556}") = "AllCommands.Portal", "AllCommands.Portal.csproj", "{95A55BED-F520-4933-89AB-12A154ED9830}"
EndProject
Global
	GlobalSection(SolutionConfigurationPlatforms) = preSolution
		Debug|Any CPU = Debug|Any CPU
		Release|Any CPU = Release|Any CPU
	EndGlobalSection
	GlobalSection(ProjectConfigurationPlatforms) = postSolution
		{95A55BED-F520-4933-89AB-12A154ED9830}.Debug|Any CPU.ActiveCfg = Debug|Any CPU
		{95A55BED-F520-4933-89AB-12A154ED9830}.Debug|Any CPU.Build.0 = Debug|Any CPU
		{95A55BED-F520-4933-89AB-12A154ED9830}.Release|Any CPU.ActiveCfg = Release|Any CPU
		{95A55BED-F520-4933-89AB-12A154ED9830}.Release|Any CPU.Build.0 = Release|Any CPU
	EndGlobalSection
	GlobalSection(SolutionProperties) = preSolution
		HideSolutionNode = FALSE
	EndGlobalSection
	GlobalSection(ExtensibilityGlobals) = postSolution
		SolutionGuid = {D454FB1C-6E5B-4130-AB6A-DBC9F6C8FDD9}
	EndGlobalSection
EndGlobal
