{
  "requires": true,
  "lockfileVersion": 1,
  "dependencies": {
    "@fortawesome/angular-fontawesome": {
      "version": "0.6.1",
      "resolved": "https://registry.npmjs.org/@fortawesome/angular-fontawesome/-/angular-fontawesome-0.6.1.tgz",
      "integrity": "sha512-ARQjtRuT+ZskzJDJKPwuiGO3+7nS0iyNLU/uHVJHfG4LwGJxwVIGldwg1SU957sra0Z0OtWEajHMhiS4vB9LwQ=="
    },
    "@fortawesome/fontawesome-common-types": {
      "version": "0.2.28",
      "resolved": "https://registry.npmjs.org/@fortawesome/fontawesome-common-types/-/fontawesome-common-types-0.2.28.tgz",
      "integrity": "sha512-gtis2/5yLdfI6n0ia0jH7NJs5i/Z/8M/ZbQL6jXQhCthEOe5Cr5NcQPhgTvFxNOtURE03/ZqUcEskdn2M+QaBg=="
    },
    "@fortawesome/fontawesome-free": {
      "version": "5.13.0",
      "resolved": "https://registry.npmjs.org/@fortawesome/fontawesome-free/-/fontawesome-free-5.13.0.tgz",
      "integrity": "sha512-xKOeQEl5O47GPZYIMToj6uuA2syyFlq9EMSl2ui0uytjY9xbe8XS0pexNWmxrdcCyNGyDmLyYw5FtKsalBUeOg=="
    },
    "@fortawesome/fontawesome-svg-core": {
      "version": "1.2.28",
      "resolved": "https://registry.npmjs.org/@fortawesome/fontawesome-svg-core/-/fontawesome-svg-core-1.2.28.tgz",
      "integrity": "sha512-4LeaNHWvrneoU0i8b5RTOJHKx7E+y7jYejplR7uSVB34+mp3Veg7cbKk7NBCLiI4TyoWS1wh9ZdoyLJR8wSAdg==",
      "requires": {
        "@fortawesome/fontawesome-common-types": "^0.2.28"
      }
    },
    "@fortawesome/free-solid-svg-icons": {
      "version": "5.13.0",
      "resolved": "https://registry.npmjs.org/@fortawesome/free-solid-svg-icons/-/free-solid-svg-icons-5.13.0.tgz",
      "integrity": "sha512-IHUgDJdomv6YtG4p3zl1B5wWf9ffinHIvebqQOmV3U+3SLw4fC+LUCCgwfETkbTtjy5/Qws2VoVf6z/ETQpFpg==",
      "requires": {
        "@fortawesome/fontawesome-common-types": "^0.2.28"
      }
    },
    "angular-font-awesome": {
      "version": "3.1.2",
      "resolved": "https://registry.npmjs.org/angular-font-awesome/-/angular-font-awesome-3.1.2.tgz",
      "integrity": "sha1-k3hzJhLY6MceDXwvqg+t3H+Fjsk="
    },
    "bootstrap": {
      "version": "4.4.1",
      "resolved": "https://registry.npmjs.org/bootstrap/-/bootstrap-4.4.1.tgz",
      "integrity": "sha512-tbx5cHubwE6e2ZG7nqM3g/FZ5PQEDMWmMGNrCUBVRPHXTJaH7CBDdsLeu3eCh3B1tzAxTnAbtmrzvWEvT2NNEA=="
    },
    "font-awesome": {
      "version": "4.7.0",
      "resolved": "https://registry.npmjs.org/font-awesome/-/font-awesome-4.7.0.tgz",
      "integrity": "sha1-j6jPBBGhoxr9B7BtKQK7n8gVoTM="
    },
    "ng2-search-filter": {
      "version": "0.5.1",
      "resolved": "https://registry.npmjs.org/ng2-search-filter/-/ng2-search-filter-0.5.1.tgz",
      "integrity": "sha512-noN8R+Gyxo5ZuboEOvq+u0zKio6pEf1IVYQTCZfAfXm6ONmzWu/M2xK0di9oVUprDbPBQXCGUuvD5i2GD+35HA=="
    },
    "ngx-clipboard": {
      "version": "12.3.1",
      "resolved": "https://registry.npmjs.org/ngx-clipboard/-/ngx-clipboard-12.3.1.tgz",
      "integrity": "sha512-qrUmkfYXEBQZQ4wNKno8yw5eOSxtdkzCPFFPil/XVVc93MNIKUme8aLbS3TEMB4PGsxopjbuTAzV7fptiSOIww==",
      "requires": {
        "ngx-window-token": "^2.0.0",
        "tslib": "^1.9.0"
      },
      "dependencies": {
        "ngx-window-token": {
          "version": "2.0.1",
          "resolved": "https://registry.npmjs.org/ngx-window-token/-/ngx-window-token-2.0.1.tgz",
          "integrity": "sha512-rvqdqJEfnWXQFU5fyfYt06E10tR/UtFOYdF3QebfcOh5VIJhnTKiprX8e4B9OrX7WEVFm9BT8uV72xXcEgsaKA==",
          "requires": {
            "tslib": "^1.9.0"
          }
        }
      }
    },
    "ngx-window-token": {
      "version": "3.0.0",
      "resolved": "https://registry.npmjs.org/ngx-window-token/-/ngx-window-token-3.0.0.tgz",
      "integrity": "sha512-MDVIQB2SqFCbpoTqEXhO2529hsvpCYyw/iogjU6uskKqUKh79XVKWSMpRH9S1yTr0Ucgh8nFeNcpv2DnFdikJA=="
    },
    "tslib": {
      "version": "1.11.1",
      "resolved": "https://registry.npmjs.org/tslib/-/tslib-1.11.1.tgz",
      "integrity": "sha512-aZW88SY8kQbU7gpV19lN24LtXh/yD4ZZg6qieAJDDg+YBsJcSmLGK9QpnUjAKVG/xefmvJGd1WUmfpT/g6AJGA=="
    }
  }
}
